// !$*UTF8*$!
{
	archiveVersion = 1;
	classes = {
	};
	objectVersion = 77;
	objects = {

/* Begin PBXBuildFile section */
		D43C2DBF2CD3E4460066E707 /* Localizable.strings in Resources */ = {isa = PBXBuildFile; fileRef = D43C2DBD2CD3E4460066E707 /* Localizable.strings */; };
/* End PBXBuildFile section */

/* Begin PBXContainerItemProxy section */
		D43C2D9D2CD3E1570066E707 /* PBXContainerItemProxy */ = {
			isa = PBXContainerItemProxy;
			containerPortal = D43C2D842CD3E1290066E707 /* Project object */;
			proxyType = 1;
			remoteGlobalIDString = D43C2D8B2CD3E1290066E707;
			remoteInfo = "frontitude-demo-app-ios";
		};
		D43C2DA72CD3E1570066E707 /* PBXContainerItemProxy */ = {
			isa = PBXContainerItemProxy;
			containerPortal = D43C2D842CD3E1290066E707 /* Project object */;
			proxyType = 1;
			remoteGlobalIDString = D43C2D8B2CD3E1290066E707;
			remoteInfo = "frontitude-demo-app-ios";
		};
/* End PBXContainerItemProxy section */

/* Begin PBXFileReference section */
		D43C2D8C2CD3E1290066E707 /* frontitude-demo-app-ios.app */ = {isa = PBXFileReference; explicitFileType = wrapper.application; includeInIndex = 0; path = "frontitude-demo-app-ios.app"; sourceTree = BUILT_PRODUCTS_DIR; };
		D43C2D9C2CD3E1570066E707 /* frontitude-demo-app-iosTests.xctest */ = {isa = PBXFileReference; explicitFileType = wrapper.cfbundle; includeInIndex = 0; path = "frontitude-demo-app-iosTests.xctest"; sourceTree = BUILT_PRODUCTS_DIR; };
		D43C2DA62CD3E1570066E707 /* frontitude-demo-app-iosUITests.xctest */ = {isa = PBXFileReference; explicitFileType = wrapper.cfbundle; includeInIndex = 0; path = "frontitude-demo-app-iosUITests.xctest"; sourceTree = BUILT_PRODUCTS_DIR; };
		D43C2DBE2CD3E4460066E707 /* en */ = {isa = PBXFileReference; lastKnownFileType = text.plist.strings; name = en; path = en.lproj/Localizable.strings; sourceTree = "<group>"; };
		D43C2DC32CD3E8E30066E707 /* de-DE */ = {isa = PBXFileReference; lastKnownFileType = text.plist.strings; name = "de-DE"; path = "de-DE.lproj/Localizable.strings"; sourceTree = "<group>"; };
		D43C2DC42CD3E9020066E707 /* fr-FR */ = {isa = PBXFileReference; lastKnownFileType = text.plist.strings; name = "fr-FR"; path = "fr-FR.lproj/Localizable.strings"; sourceTree = "<group>"; };
/* End PBXFileReference section */

/* Begin PBXFileSystemSynchronizedRootGroup section */
		D43C2D8E2CD3E1290066E707 /* frontitude-demo-app-ios */ = {
			isa = PBXFileSystemSynchronizedRootGroup;
			path = "frontitude-demo-app-ios";
			sourceTree = "<group>";
		};
		D43C2D9F2CD3E1570066E707 /* frontitude-demo-app-iosTests */ = {
			isa = PBXFileSystemSynchronizedRootGroup;
			path = "frontitude-demo-app-iosTests";
			sourceTree = "<group>";
		};
		D43C2DA92CD3E1570066E707 /* frontitude-demo-app-iosUITests */ = {
			isa = PBXFileSystemSynchronizedRootGroup;
			path = "frontitude-demo-app-iosUITests";
			sourceTree = "<group>";
		};
/* End PBXFileSystemSynchronizedRootGroup section */

/* Begin PBXFrameworksBuildPhase section */
		D43C2D892CD3E1290066E707 /* Frameworks */ = {
			isa = PBXFrameworksBuildPhase;
			buildActionMask = 2147483647;
			files = (
			);
			runOnlyForDeploymentPostprocessing = 0;
		};
		D43C2D992CD3E1570066E707 /* Frameworks */ = {
			isa = PBXFrameworksBuildPhase;
			buildActionMask = 2147483647;
			files = (
			);
			runOnlyForDeploymentPostprocessing = 0;
		};
		D43C2DA32CD3E1570066E707 /* Frameworks */ = {
			isa = PBXFrameworksBuildPhase;
			buildActionMask = 2147483647;
			files = (
			);
			runOnlyForDeploymentPostprocessing = 0;
		};
/* End PBXFrameworksBuildPhase section */

/* Begin PBXGroup section */
		D43C2D832CD3E1290066E707 = {
			isa = PBXGroup;
			children = (
				D43C2DBD2CD3E4460066E707 /* Localizable.strings */,
				D43C2D8E2CD3E1290066E707 /* frontitude-demo-app-ios */,
				D43C2D9F2CD3E1570066E707 /* frontitude-demo-app-iosTests */,
				D43C2DA92CD3E1570066E707 /* frontitude-demo-app-iosUITests */,
				D43C2D8D2CD3E1290066E707 /* Products */,
			);
			sourceTree = "<group>";
		};
		D43C2D8D2CD3E1290066E707 /* Products */ = {
			isa = PBXGroup;
			children = (
				D43C2D8C2CD3E1290066E707 /* frontitude-demo-app-ios.app */,
				D43C2D9C2CD3E1570066E707 /* frontitude-demo-app-iosTests.xctest */,
				D43C2DA62CD3E1570066E707 /* frontitude-demo-app-iosUITests.xctest */,
			);
			name = Products;
			sourceTree = "<group>";
		};
/* End PBXGroup section */

/* Begin PBXNativeTarget section */
		D43C2D8B2CD3E1290066E707 /* frontitude-demo-app-ios */ = {
			isa = PBXNativeTarget;
			buildConfigurationList = D43C2DB02CD3E1570066E707 /* Build configuration list for PBXNativeTarget "frontitude-demo-app-ios" */;
			buildPhases = (
				D43C2D882CD3E1290066E707 /* Sources */,
				D43C2D892CD3E1290066E707 /* Frameworks */,
				D43C2D8A2CD3E1290066E707 /* Resources */,
			);
			buildRules = (
			);
			dependencies = (
			);
			fileSystemSynchronizedGroups = (
				D43C2D8E2CD3E1290066E707 /* frontitude-demo-app-ios */,
			);
			name = "frontitude-demo-app-ios";
			packageProductDependencies = (
			);
			productName = "frontitude-demo-app-ios";
			productReference = D43C2D8C2CD3E1290066E707 /* frontitude-demo-app-ios.app */;
			productType = "com.apple.product-type.application";
		};
		D43C2D9B2CD3E1570066E707 /* frontitude-demo-app-iosTests */ = {
			isa = PBXNativeTarget;
			buildConfigurationList = D43C2DB32CD3E1570066E707 /* Build configuration list for PBXNativeTarget "frontitude-demo-app-iosTests" */;
			buildPhases = (
				D43C2D982CD3E1570066E707 /* Sources */,
				D43C2D992CD3E1570066E707 /* Frameworks */,
				D43C2D9A2CD3E1570066E707 /* Resources */,
			);
			buildRules = (
			);
			dependencies = (
				D43C2D9E2CD3E1570066E707 /* PBXTargetDependency */,
			);
			fileSystemSynchronizedGroups = (
				D43C2D9F2CD3E1570066E707 /* frontitude-demo-app-iosTests */,
			);
			name = "frontitude-demo-app-iosTests";
			packageProductDependencies = (
			);
			productName = "frontitude-demo-app-iosTests";
			productReference = D43C2D9C2CD3E1570066E707 /* frontitude-demo-app-iosTests.xctest */;
			productType = "com.apple.product-type.bundle.unit-test";
		};
		D43C2DA52CD3E1570066E707 /* frontitude-demo-app-iosUITests */ = {
			isa = PBXNativeTarget;
			buildConfigurationList = D43C2DB62CD3E1570066E707 /* Build configuration list for PBXNativeTarget "frontitude-demo-app-iosUITests" */;
			buildPhases = (
				D43C2DA22CD3E1570066E707 /* Sources */,
				D43C2DA32CD3E1570066E707 /* Frameworks */,
				D43C2DA42CD3E1570066E707 /* Resources */,
			);
			buildRules = (
			);
			dependencies = (
				D43C2DA82CD3E1570066E707 /* PBXTargetDependency */,
			);
			fileSystemSynchronizedGroups = (
				D43C2DA92CD3E1570066E707 /* frontitude-demo-app-iosUITests */,
			);
			name = "frontitude-demo-app-iosUITests";
			packageProductDependencies = (
			);
			productName = "frontitude-demo-app-iosUITests";
			productReference = D43C2DA62CD3E1570066E707 /* frontitude-demo-app-iosUITests.xctest */;
			productType = "com.apple.product-type.bundle.ui-testing";
		};
/* End PBXNativeTarget section */

/* Begin PBXProject section */
		D43C2D842CD3E1290066E707 /* Project object */ = {
			isa = PBXProject;
			attributes = {
				BuildIndependentTargetsInParallel = 1;
				LastSwiftUpdateCheck = 1610;
				LastUpgradeCheck = 1610;
				TargetAttributes = {
					D43C2D8B2CD3E1290066E707 = {
						CreatedOnToolsVersion = 16.1;
					};
					D43C2D9B2CD3E1570066E707 = {
						CreatedOnToolsVersion = 16.1;
						TestTargetID = D43C2D8B2CD3E1290066E707;
					};
					D43C2DA52CD3E1570066E707 = {
						CreatedOnToolsVersion = 16.1;
						TestTargetID = D43C2D8B2CD3E1290066E707;
					};
				};
			};
			buildConfigurationList = D43C2D872CD3E1290066E707 /* Build configuration list for PBXProject "frontitude-demo-app-ios" */;
			developmentRegion = en;
			hasScannedForEncodings = 0;
			knownRegions = (
				en,
				Base,
				"de-DE",
				"fr-FR",
			);
			mainGroup = D43C2D832CD3E1290066E707;
			minimizedProjectReferenceProxies = 1;
			preferredProjectObjectVersion = 77;
			productRefGroup = D43C2D8D2CD3E1290066E707 /* Products */;
			projectDirPath = "";
			projectRoot = "";
			targets = (
				D43C2D8B2CD3E1290066E707 /* frontitude-demo-app-ios */,
				D43C2D9B2CD3E1570066E707 /* frontitude-demo-app-iosTests */,
				D43C2DA52CD3E1570066E707 /* frontitude-demo-app-iosUITests */,
			);
		};
/* End PBXProject section */

/* Begin PBXResourcesBuildPhase section */
		D43C2D8A2CD3E1290066E707 /* Resources */ = {
			isa = PBXResourcesBuildPhase;
			buildActionMask = 2147483647;
			files = (
				D43C2DBF2CD3E4460066E707 /* Localizable.strings in Resources */,
			);
			runOnlyForDeploymentPostprocessing = 0;
		};
		D43C2D9A2CD3E1570066E707 /* Resources */ = {
			isa = PBXResourcesBuildPhase;
			buildActionMask = 2147483647;
			files = (
			);
			runOnlyForDeploymentPostprocessing = 0;
		};
		D43C2DA42CD3E1570066E707 /* Resources */ = {
			isa = PBXResourcesBuildPhase;
			buildActionMask = 2147483647;
			files = (
			);
			runOnlyForDeploymentPostprocessing = 0;
		};
/* End PBXResourcesBuildPhase section */

/* Begin PBXSourcesBuildPhase section */
		D43C2D882CD3E1290066E707 /* Sources */ = {
			isa = PBXSourcesBuildPhase;
			buildActionMask = 2147483647;
			files = (
			);
			runOnlyForDeploymentPostprocessing = 0;
		};
		D43C2D982CD3E1570066E707 /* Sources */ = {
			isa = PBXSourcesBuildPhase;
			buildActionMask = 2147483647;
			files = (
			);
			runOnlyForDeploymentPostprocessing = 0;
		};
		D43C2DA22CD3E1570066E707 /* Sources */ = {
			isa = PBXSourcesBuildPhase;
			buildActionMask = 2147483647;
			files = (
			);
			runOnlyForDeploymentPostprocessing = 0;
		};
/* End PBXSourcesBuildPhase section */

/* Begin PBXTargetDependency section */
		D43C2D9E2CD3E1570066E707 /* PBXTargetDependency */ = {
			isa = PBXTargetDependency;
			target = D43C2D8B2CD3E1290066E707 /* frontitude-demo-app-ios */;
			targetProxy = D43C2D9D2CD3E1570066E707 /* PBXContainerItemProxy */;
		};
		D43C2DA82CD3E1570066E707 /* PBXTargetDependency */ = {
			isa = PBXTargetDependency;
			target = D43C2D8B2CD3E1290066E707 /* frontitude-demo-app-ios */;
			targetProxy = D43C2DA72CD3E1570066E707 /* PBXContainerItemProxy */;
		};
/* End PBXTargetDependency section */

/* Begin PBXVariantGroup section */
		D43C2DBD2CD3E4460066E707 /* Localizable.strings */ = {
			isa = PBXVariantGroup;
			children = (
				D43C2DBE2CD3E4460066E707 /* en */,
				D43C2DC32CD3E8E30066E707 /* de-DE */,
				D43C2DC42CD3E9020066E707 /* fr-FR */,
			);
			name = Localizable.strings;
			sourceTree = "<group>";
		};
/* End PBXVariantGroup section */

/* Begin XCBuildConfiguration section */
		D43C2DAE2CD3E1570066E707 /* Debug */ = {
			isa = XCBuildConfiguration;
			buildSettings = {
				ALWAYS_SEARCH_USER_PATHS = NO;
				ASSETCATALOG_COMPILER_GENERATE_SWIFT_ASSET_SYMBOL_EXTENSIONS = YES;
				CLANG_ANALYZER_LOCALIZABILITY_NONLOCALIZED = YES;
				CLANG_ANALYZER_NONNULL = YES;
				CLANG_ANALYZER_NUMBER_OBJECT_CONVERSION = YES_AGGRESSIVE;
				CLANG_CXX_LANGUAGE_STANDARD = "gnu++20";
				CLANG_ENABLE_MODULES = YES;
				CLANG_ENABLE_OBJC_ARC = YES;
				CLANG_ENABLE_OBJC_WEAK = YES;
				CLANG_WARN_BLOCK_CAPTURE_AUTORELEASING = YES;
				CLANG_WARN_BOOL_CONVERSION = YES;
				CLANG_WARN_COMMA = YES;
				CLANG_WARN_CONSTANT_CONVERSION = YES;
				CLANG_WARN_DEPRECATED_OBJC_IMPLEMENTATIONS = YES;
				CLANG_WARN_DIRECT_OBJC_ISA_USAGE = YES_ERROR;
				CLANG_WARN_DOCUMENTATION_COMMENTS = YES;
				CLANG_WARN_EMPTY_BODY = YES;
				CLANG_WARN_ENUM_CONVERSION = YES;
				CLANG_WARN_INFINITE_RECURSION = YES;
				CLANG_WARN_INT_CONVERSION = YES;
				CLANG_WARN_NON_LITERAL_NULL_CONVERSION = YES;
				CLANG_WARN_OBJC_IMPLICIT_RETAIN_SELF = YES;
				CLANG_WARN_OBJC_LITERAL_CONVERSION = YES;
				CLANG_WARN_OBJC_ROOT_CLASS = YES_ERROR;
				CLANG_WARN_QUOTED_INCLUDE_IN_FRAMEWORK_HEADER = YES;
				CLANG_WARN_RANGE_LOOP_ANALYSIS = YES;
				CLANG_WARN_STRICT_PROTOTYPES = YES;
				CLANG_WARN_SUSPICIOUS_MOVE = YES;
				CLANG_WARN_UNGUARDED_AVAILABILITY = YES_AGGRESSIVE;
				CLANG_WARN_UNREACHABLE_CODE = YES;
				CLANG_WARN__DUPLICATE_METHOD_MATCH = YES;
				COPY_PHASE_STRIP = NO;
				DEBUG_INFORMATION_FORMAT = dwarf;
				ENABLE_STRICT_OBJC_MSGSEND = YES;
				ENABLE_TESTABILITY = YES;
				ENABLE_USER_SCRIPT_SANDBOXING = YES;
				GCC_C_LANGUAGE_STANDARD = gnu17;
				GCC_DYNAMIC_NO_PIC = NO;
				GCC_NO_COMMON_BLOCKS = YES;
				GCC_OPTIMIZATION_LEVEL = 0;
				GCC_PREPROCESSOR_DEFINITIONS = (
					"DEBUG=1",
					"$(inherited)",
				);
				GCC_WARN_64_TO_32_BIT_CONVERSION = YES;
				GCC_WARN_ABOUT_RETURN_TYPE = YES_ERROR;
				GCC_WARN_UNDECLARED_SELECTOR = YES;
				GCC_WARN_UNINITIALIZED_AUTOS = YES_AGGRESSIVE;
				GCC_WARN_UNUSED_FUNCTION = YES;
				GCC_WARN_UNUSED_VARIABLE = YES;
				IPHONEOS_DEPLOYMENT_TARGET = 18.1;
				LOCALIZATION_PREFERS_STRING_CATALOGS = YES;
				MTL_ENABLE_DEBUG_INFO = INCLUDE_SOURCE;
				MTL_FAST_MATH = YES;
				ONLY_ACTIVE_ARCH = YES;
				SDKROOT = iphoneos;
				SWIFT_ACTIVE_COMPILATION_CONDITIONS = "DEBUG $(inherited)";
				SWIFT_EMIT_LOC_STRINGS = YES;
				SWIFT_OPTIMIZATION_LEVEL = "-Onone";
			};
			name = Debug;
		};
		D43C2DAF2CD3E1570066E707 /* Release */ = {
			isa = XCBuildConfiguration;
			buildSettings = {
				ALWAYS_SEARCH_USER_PATHS = NO;
				ASSETCATALOG_COMPILER_GENERATE_SWIFT_ASSET_SYMBOL_EXTENSIONS = YES;
				CLANG_ANALYZER_LOCALIZABILITY_NONLOCALIZED = YES;
				CLANG_ANALYZER_NONNULL = YES;
				CLANG_ANALYZER_NUMBER_OBJECT_CONVERSION = YES_AGGRESSIVE;
				CLANG_CXX_LANGUAGE_STANDARD = "gnu++20";
				CLANG_ENABLE_MODULES = YES;
				CLANG_ENABLE_OBJC_ARC = YES;
				CLANG_ENABLE_OBJC_WEAK = YES;
				CLANG_WARN_BLOCK_CAPTURE_AUTORELEASING = YES;
				CLANG_WARN_BOOL_CONVERSION = YES;
				CLANG_WARN_COMMA = YES;
				CLANG_WARN_CONSTANT_CONVERSION = YES;
				CLANG_WARN_DEPRECATED_OBJC_IMPLEMENTATIONS = YES;
				CLANG_WARN_DIRECT_OBJC_ISA_USAGE = YES_ERROR;
				CLANG_WARN_DOCUMENTATION_COMMENTS = YES;
				CLANG_WARN_EMPTY_BODY = YES;
				CLANG_WARN_ENUM_CONVERSION = YES;
				CLANG_WARN_INFINITE_RECURSION = YES;
				CLANG_WARN_INT_CONVERSION = YES;
				CLANG_WARN_NON_LITERAL_NULL_CONVERSION = YES;
				CLANG_WARN_OBJC_IMPLICIT_RETAIN_SELF = YES;
				CLANG_WARN_OBJC_LITERAL_CONVERSION = YES;
				CLANG_WARN_OBJC_ROOT_CLASS = YES_ERROR;
				CLANG_WARN_QUOTED_INCLUDE_IN_FRAMEWORK_HEADER = YES;
				CLANG_WARN_RANGE_LOOP_ANALYSIS = YES;
				CLANG_WARN_STRICT_PROTOTYPES = YES;
				CLANG_WARN_SUSPICIOUS_MOVE = YES;
				CLANG_WARN_UNGUARDED_AVAILABILITY = YES_AGGRESSIVE;
				CLANG_WARN_UNREACHABLE_CODE = YES;
				CLANG_WARN__DUPLICATE_METHOD_MATCH = YES;
				COPY_PHASE_STRIP = NO;
				DEBUG_INFORMATION_FORMAT = "dwarf-with-dsym";
				ENABLE_NS_ASSERTIONS = NO;
				ENABLE_STRICT_OBJC_MSGSEND = YES;
				ENABLE_USER_SCRIPT_SANDBOXING = YES;
				GCC_C_LANGUAGE_STANDARD = gnu17;
				GCC_NO_COMMON_BLOCKS = YES;
				GCC_WARN_64_TO_32_BIT_CONVERSION = YES;
				GCC_WARN_ABOUT_RETURN_TYPE = YES_ERROR;
				GCC_WARN_UNDECLARED_SELECTOR = YES;
				GCC_WARN_UNINITIALIZED_AUTOS = YES_AGGRESSIVE;
				GCC_WARN_UNUSED_FUNCTION = YES;
				GCC_WARN_UNUSED_VARIABLE = YES;
				IPHONEOS_DEPLOYMENT_TARGET = 18.1;
				LOCALIZATION_PREFERS_STRING_CATALOGS = YES;
				MTL_ENABLE_DEBUG_INFO = NO;
				MTL_FAST_MATH = YES;
				SDKROOT = iphoneos;
				SWIFT_COMPILATION_MODE = wholemodule;
				SWIFT_EMIT_LOC_STRINGS = YES;
				VALIDATE_PRODUCT = YES;
			};
			name = Release;
		};
		D43C2DB12CD3E1570066E707 /* Debug */ = {
			isa = XCBuildConfiguration;
			buildSettings = {
				ASSETCATALOG_COMPILER_APPICON_NAME = AppIcon;
				ASSETCATALOG_COMPILER_GLOBAL_ACCENT_COLOR_NAME = AccentColor;
				CODE_SIGN_STYLE = Automatic;
				CURRENT_PROJECT_VERSION = 1;
				DEVELOPMENT_ASSET_PATHS = "\"frontitude-demo-app-ios/Preview Content\"";
				ENABLE_PREVIEWS = YES;
				GENERATE_INFOPLIST_FILE = YES;
				INFOPLIST_KEY_UIApplicationSceneManifest_Generation = YES;
				INFOPLIST_KEY_UIApplicationSupportsIndirectInputEvents = YES;
				INFOPLIST_KEY_UILaunchScreen_Generation = YES;
				INFOPLIST_KEY_UISupportedInterfaceOrientations_iPad = "UIInterfaceOrientationPortrait UIInterfaceOrientationPortraitUpsideDown UIInterfaceOrientationLandscapeLeft UIInterfaceOrientationLandscapeRight";
				INFOPLIST_KEY_UISupportedInterfaceOrientations_iPhone = "UIInterfaceOrientationPortrait UIInterfaceOrientationLandscapeLeft UIInterfaceOrientationLandscapeRight";
				LD_RUNPATH_SEARCH_PATHS = (
					"$(inherited)",
					"@executable_path/Frameworks",
				);
				MARKETING_VERSION = 1.0;
				PRODUCT_BUNDLE_IDENTIFIER = "frontitude.frontitude-demo-app-ios";
				PRODUCT_NAME = "$(TARGET_NAME)";
				SWIFT_EMIT_LOC_STRINGS = YES;
				SWIFT_VERSION = 5.0;
				TARGETED_DEVICE_FAMILY = "1,2";
			};
			name = Debug;
		};
		D43C2DB22CD3E1570066E707 /* Release */ = {
			isa = XCBuildConfiguration;
			buildSettings = {
				ASSETCATALOG_COMPILER_APPICON_NAME = AppIcon;
				ASSETCATALOG_COMPILER_GLOBAL_ACCENT_COLOR_NAME = AccentColor;
				CODE_SIGN_STYLE = Automatic;
				CURRENT_PROJECT_VERSION = 1;
				DEVELOPMENT_ASSET_PATHS = "\"frontitude-demo-app-ios/Preview Content\"";
				ENABLE_PREVIEWS = YES;
				GENERATE_INFOPLIST_FILE = YES;
				INFOPLIST_KEY_UIApplicationSceneManifest_Generation = YES;
				INFOPLIST_KEY_UIApplicationSupportsIndirectInputEvents = YES;
				INFOPLIST_KEY_UILaunchScreen_Generation = YES;
				INFOPLIST_KEY_UISupportedInterfaceOrientations_iPad = "UIInterfaceOrientationPortrait UIInterfaceOrientationPortraitUpsideDown UIInterfaceOrientationLandscapeLeft UIInterfaceOrientationLandscapeRight";
				INFOPLIST_KEY_UISupportedInterfaceOrientations_iPhone = "UIInterfaceOrientationPortrait UIInterfaceOrientationLandscapeLeft UIInterfaceOrientationLandscapeRight";
				LD_RUNPATH_SEARCH_PATHS = (
					"$(inherited)",
					"@executable_path/Frameworks",
				);
				MARKETING_VERSION = 1.0;
				PRODUCT_BUNDLE_IDENTIFIER = "frontitude.frontitude-demo-app-ios";
				PRODUCT_NAME = "$(TARGET_NAME)";
				SWIFT_EMIT_LOC_STRINGS = YES;
				SWIFT_VERSION = 5.0;
				TARGETED_DEVICE_FAMILY = "1,2";
			};
			name = Release;
		};
		D43C2DB42CD3E1570066E707 /* Debug */ = {
			isa = XCBuildConfiguration;
			buildSettings = {
				BUNDLE_LOADER = "$(TEST_HOST)";
				CODE_SIGN_STYLE = Automatic;
				CURRENT_PROJECT_VERSION = 1;
				GENERATE_INFOPLIST_FILE = YES;
				IPHONEOS_DEPLOYMENT_TARGET = 18.1;
				MARKETING_VERSION = 1.0;
				PRODUCT_BUNDLE_IDENTIFIER = "frontitude.frontitude-demo-app-iosTests";
				PRODUCT_NAME = "$(TARGET_NAME)";
				SWIFT_EMIT_LOC_STRINGS = NO;
				SWIFT_VERSION = 5.0;
				TARGETED_DEVICE_FAMILY = "1,2";
				TEST_HOST = "$(BUILT_PRODUCTS_DIR)/frontitude-demo-app-ios.app/$(BUNDLE_EXECUTABLE_FOLDER_PATH)/frontitude-demo-app-ios";
			};
			name = Debug;
		};
		D43C2DB52CD3E1570066E707 /* Release */ = {
			isa = XCBuildConfiguration;
			buildSettings = {
				BUNDLE_LOADER = "$(TEST_HOST)";
				CODE_SIGN_STYLE = Automatic;
				CURRENT_PROJECT_VERSION = 1;
				GENERATE_INFOPLIST_FILE = YES;
				IPHONEOS_DEPLOYMENT_TARGET = 18.1;
				MARKETING_VERSION = 1.0;
				PRODUCT_BUNDLE_IDENTIFIER = "frontitude.frontitude-demo-app-iosTests";
				PRODUCT_NAME = "$(TARGET_NAME)";
				SWIFT_EMIT_LOC_STRINGS = NO;
				SWIFT_VERSION = 5.0;
				TARGETED_DEVICE_FAMILY = "1,2";
				TEST_HOST = "$(BUILT_PRODUCTS_DIR)/frontitude-demo-app-ios.app/$(BUNDLE_EXECUTABLE_FOLDER_PATH)/frontitude-demo-app-ios";
			};
			name = Release;
		};
		D43C2DB72CD3E1570066E707 /* Debug */ = {
			isa = XCBuildConfiguration;
			buildSettings = {
				CODE_SIGN_STYLE = Automatic;
				CURRENT_PROJECT_VERSION = 1;
				GENERATE_INFOPLIST_FILE = YES;
				MARKETING_VERSION = 1.0;
				PRODUCT_BUNDLE_IDENTIFIER = "frontitude.frontitude-demo-app-iosUITests";
				PRODUCT_NAME = "$(TARGET_NAME)";
				SWIFT_EMIT_LOC_STRINGS = NO;
				SWIFT_VERSION = 5.0;
				TARGETED_DEVICE_FAMILY = "1,2";
				TEST_TARGET_NAME = "frontitude-demo-app-ios";
			};
			name = Debug;
		};
		D43C2DB82CD3E1570066E707 /* Release */ = {
			isa = XCBuildConfiguration;
			buildSettings = {
				CODE_SIGN_STYLE = Automatic;
				CURRENT_PROJECT_VERSION = 1;
				GENERATE_INFOPLIST_FILE = YES;
				MARKETING_VERSION = 1.0;
				PRODUCT_BUNDLE_IDENTIFIER = "frontitude.frontitude-demo-app-iosUITests";
				PRODUCT_NAME = "$(TARGET_NAME)";
				SWIFT_EMIT_LOC_STRINGS = NO;
				SWIFT_VERSION = 5.0;
				TARGETED_DEVICE_FAMILY = "1,2";
				TEST_TARGET_NAME = "frontitude-demo-app-ios";
			};
			name = Release;
		};
/* End XCBuildConfiguration section */

/* Begin XCConfigurationList section */
		D43C2D872CD3E1290066E707 /* Build configuration list for PBXProject "frontitude-demo-app-ios" */ = {
			isa = XCConfigurationList;
			buildConfigurations = (
				D43C2DAE2CD3E1570066E707 /* Debug */,
				D43C2DAF2CD3E1570066E707 /* Release */,
			);
			defaultConfigurationIsVisible = 0;
			defaultConfigurationName = Release;
		};
		D43C2DB02CD3E1570066E707 /* Build configuration list for PBXNativeTarget "frontitude-demo-app-ios" */ = {
			isa = XCConfigurationList;
			buildConfigurations = (
				D43C2DB12CD3E1570066E707 /* Debug */,
				D43C2DB22CD3E1570066E707 /* Release */,
			);
			defaultConfigurationIsVisible = 0;
			defaultConfigurationName = Release;
		};
		D43C2DB32CD3E1570066E707 /* Build configuration list for PBXNativeTarget "frontitude-demo-app-iosTests" */ = {
			isa = XCConfigurationList;
			buildConfigurations = (
				D43C2DB42CD3E1570066E707 /* Debug */,
				D43C2DB52CD3E1570066E707 /* Release */,
			);
			defaultConfigurationIsVisible = 0;
			defaultConfigurationName = Release;
		};
		D43C2DB62CD3E1570066E707 /* Build configuration list for PBXNativeTarget "frontitude-demo-app-iosUITests" */ = {
			isa = XCConfigurationList;
			buildConfigurations = (
				D43C2DB72CD3E1570066E707 /* Debug */,
				D43C2DB82CD3E1570066E707 /* Release */,
			);
			defaultConfigurationIsVisible = 0;
			defaultConfigurationName = Release;
		};
/* End XCConfigurationList section */
	};
	rootObject = D43C2D842CD3E1290066E707 /* Project object */;
}
